
Microsoft Visual Studio Solution File, Format Version 12.00
# Visual Studio Version 17
VisualStudioVersion = 17.0.31903.59
MinimumVisualStudioVersion = 10.0.40219.1
Project("{FAE04EC0-301F-11D3-BF4B-00C04F79EFBC}") = "OfficeParking", "OfficeParking\OfficeParking.csproj", "{A7D1109E-AB83-4D49-9374-F78F4554BF01}"
EndProject
Global
	GlobalSection(SolutionConfigurationPlatforms) = preSolution
		Debug|Any CPU = Debug|Any CPU
		Release|Any CPU = Release|Any CPU
	EndGlobalSection
	GlobalSection(SolutionProperties) = preSolution
		HideSolutionNode = FALSE
	EndGlobalSection
	GlobalSection(ProjectConfigurationPlatforms) = postSolution
		{A7D1109E-AB83-4D49-9374-F78F4554BF01}.Debug|Any CPU.ActiveCfg = Debug|Any CPU
		{A7D1109E-AB83-4D49-9374-F78F4554BF01}.Debug|Any CPU.Build.0 = Debug|Any CPU
		{A7D1109E-AB83-4D49-9374-F78F4554BF01}.Release|Any CPU.ActiveCfg = Release|Any CPU
		{A7D1109E-AB83-4D49-9374-F78F4554BF01}.Release|Any CPU.Build.0 = Release|Any CPU
	EndGlobalSection
EndGlobal
